
Microsoft Visual Studio Solution File, Format Version 12.00
# Visual Studio Version 16
VisualStudioVersion = 16.0.30002.166
MinimumVisualStudioVersion = 10.0.40219.1
Project("{FAE04EC0-301F-11D3-BF4B-00C04F79EFBC}") = "94", "94\94.csproj", "{44B58119-0A6F-418B-8EEE-20CEBA941025}"
EndProject
Global
	GlobalSection(SolutionConfigurationPlatforms) = preSolution
		Debug|Any CPU = Debug|Any CPU
		Release|Any CPU = Release|Any CPU
	EndGlobalSection
	GlobalSection(ProjectConfigurationPlatforms) = postSolution
		{44B58119-0A6F-418B-8EEE-20CEBA941025}.Debug|Any CPU.ActiveCfg = Debug|Any CPU
		{44B58119-0A6F-418B-8EEE-20CEBA941025}.Debug|Any CPU.Build.0 = Debug|Any CPU
		{44B58119-0A6F-418B-8EEE-20CEBA941025}.Release|Any CPU.ActiveCfg = Release|Any CPU
		{44B58119-0A6F-418B-8EEE-20CEBA941025}.Release|Any CPU.Build.0 = Release|Any CPU
	EndGlobalSection
	GlobalSection(SolutionProperties) = preSolution
		HideSolutionNode = FALSE
	EndGlobalSection
	GlobalSection(ExtensibilityGlobals) = postSolution
		SolutionGuid = {3B406420-DC6F-474E-B876-8E1D4C05C1D0}
	EndGlobalSection
EndGlobal
