
Microsoft Visual Studio Solution File, Format Version 12.00
# Visual Studio Version 16
VisualStudioVersion = 16.0.30002.166
MinimumVisualStudioVersion = 10.0.40219.1
Project("{FAE04EC0-301F-11D3-BF4B-00C04F79EFBC}") = "808", "808\808.csproj", "{BB627890-9A7A-49BD-8263-ED2A46DE9635}"
EndProject
Global
	GlobalSection(SolutionConfigurationPlatforms) = preSolution
		Debug|Any CPU = Debug|Any CPU
		Release|Any CPU = Release|Any CPU
	EndGlobalSection
	GlobalSection(ProjectConfigurationPlatforms) = postSolution
		{BB627890-9A7A-49BD-8263-ED2A46DE9635}.Debug|Any CPU.ActiveCfg = Debug|Any CPU
		{BB627890-9A7A-49BD-8263-ED2A46DE9635}.Debug|Any CPU.Build.0 = Debug|Any CPU
		{BB627890-9A7A-49BD-8263-ED2A46DE9635}.Release|Any CPU.ActiveCfg = Release|Any CPU
		{BB627890-9A7A-49BD-8263-ED2A46DE9635}.Release|Any CPU.Build.0 = Release|Any CPU
	EndGlobalSection
	GlobalSection(SolutionProperties) = preSolution
		HideSolutionNode = FALSE
	EndGlobalSection
	GlobalSection(ExtensibilityGlobals) = postSolution
		SolutionGuid = {1C4C3FEF-C6EE-4636-A908-9B9463E4BFCB}
	EndGlobalSection
EndGlobal
