
Microsoft Visual Studio Solution File, Format Version 12.00
# Visual Studio Version 16
VisualStudioVersion = 16.0.30002.166
MinimumVisualStudioVersion = 10.0.40219.1
Project("{FAE04EC0-301F-11D3-BF4B-00C04F79EFBC}") = "803", "803\803.csproj", "{D5378BFA-73E2-4EE9-8DBB-1BA67401A79C}"
EndProject
Global
	GlobalSection(SolutionConfigurationPlatforms) = preSolution
		Debug|Any CPU = Debug|Any CPU
		Release|Any CPU = Release|Any CPU
	EndGlobalSection
	GlobalSection(ProjectConfigurationPlatforms) = postSolution
		{D5378BFA-73E2-4EE9-8DBB-1BA67401A79C}.Debug|Any CPU.ActiveCfg = Debug|Any CPU
		{D5378BFA-73E2-4EE9-8DBB-1BA67401A79C}.Debug|Any CPU.Build.0 = Debug|Any CPU
		{D5378BFA-73E2-4EE9-8DBB-1BA67401A79C}.Release|Any CPU.ActiveCfg = Release|Any CPU
		{D5378BFA-73E2-4EE9-8DBB-1BA67401A79C}.Release|Any CPU.Build.0 = Release|Any CPU
	EndGlobalSection
	GlobalSection(SolutionProperties) = preSolution
		HideSolutionNode = FALSE
	EndGlobalSection
	GlobalSection(ExtensibilityGlobals) = postSolution
		SolutionGuid = {A832F779-F9B8-421E-9D3F-68E1DA3D5CE1}
	EndGlobalSection
EndGlobal
