
Microsoft Visual Studio Solution File, Format Version 12.00
# Visual Studio Version 16
VisualStudioVersion = 16.0.30002.166
MinimumVisualStudioVersion = 10.0.40219.1
Project("{FAE04EC0-301F-11D3-BF4B-00C04F79EFBC}") = "678", "678\678.csproj", "{CE9E3379-D746-4CC1-B108-EB6839A820F4}"
EndProject
Global
	GlobalSection(SolutionConfigurationPlatforms) = preSolution
		Debug|Any CPU = Debug|Any CPU
		Release|Any CPU = Release|Any CPU
	EndGlobalSection
	GlobalSection(ProjectConfigurationPlatforms) = postSolution
		{CE9E3379-D746-4CC1-B108-EB6839A820F4}.Debug|Any CPU.ActiveCfg = Debug|Any CPU
		{CE9E3379-D746-4CC1-B108-EB6839A820F4}.Debug|Any CPU.Build.0 = Debug|Any CPU
		{CE9E3379-D746-4CC1-B108-EB6839A820F4}.Release|Any CPU.ActiveCfg = Release|Any CPU
		{CE9E3379-D746-4CC1-B108-EB6839A820F4}.Release|Any CPU.Build.0 = Release|Any CPU
	EndGlobalSection
	GlobalSection(SolutionProperties) = preSolution
		HideSolutionNode = FALSE
	EndGlobalSection
	GlobalSection(ExtensibilityGlobals) = postSolution
		SolutionGuid = {CD1F8FB2-D658-4415-A090-205CBEDDE889}
	EndGlobalSection
EndGlobal
